
Microsoft Visual Studio Solution File, Format Version 12.00
# Visual Studio Version 17
VisualStudioVersion = 17.8.34601.278
MinimumVisualStudioVersion = 10.0.40219.1
Project("{9A19103F-16F7-4668-BE54-9A1E7A4F7556}") = "PromoTest.Server", "PromoTest.Server\PromoTest.Server.csproj", "{0620B1D1-435B-41FD-89E8-2A05030C5E2F}"
EndProject
Project("{54A90642-561A-4BB1-A94E-469ADEE60C69}") = "promotest.client", "promotest.client\promotest.client.esproj", "{7709A7E0-734E-4C11-80E9-048FD503AA30}"
EndProject
Project("{9A19103F-16F7-4668-BE54-9A1E7A4F7556}") = "PromoTest.Server.Storage", "PromoTest.Server.Storage\PromoTest.Server.Storage.csproj", "{42B231D9-D989-4733-B6FB-8A7B28BB8F59}"
EndProject
Project("{9A19103F-16F7-4668-BE54-9A1E7A4F7556}") = "PromoTest.Server.Services", "PromoTest.Server.Services\PromoTest.Server.Services.csproj", "{E7C6A7BE-E88A-4649-B6E3-14AD260EDBA2}"
EndProject
Project("{9A19103F-16F7-4668-BE54-9A1E7A4F7556}") = "PromoTest.Server.Contracts", "PromoTest.Server.Contracts\PromoTest.Server.Contracts.csproj", "{37024AA4-CD7E-4326-9E9C-DEF75D0573A4}"
EndProject
Global
	GlobalSection(SolutionConfigurationPlatforms) = preSolution
		Debug|Any CPU = Debug|Any CPU
		Release|Any CPU = Release|Any CPU
	EndGlobalSection
	GlobalSection(ProjectConfigurationPlatforms) = postSolution
		{0620B1D1-435B-41FD-89E8-2A05030C5E2F}.Debug|Any CPU.ActiveCfg = Debug|Any CPU
		{0620B1D1-435B-41FD-89E8-2A05030C5E2F}.Debug|Any CPU.Build.0 = Debug|Any CPU
		{0620B1D1-435B-41FD-89E8-2A05030C5E2F}.Release|Any CPU.ActiveCfg = Release|Any CPU
		{0620B1D1-435B-41FD-89E8-2A05030C5E2F}.Release|Any CPU.Build.0 = Release|Any CPU
		{7709A7E0-734E-4C11-80E9-048FD503AA30}.Debug|Any CPU.ActiveCfg = Debug|Any CPU
		{7709A7E0-734E-4C11-80E9-048FD503AA30}.Debug|Any CPU.Build.0 = Debug|Any CPU
		{7709A7E0-734E-4C11-80E9-048FD503AA30}.Debug|Any CPU.Deploy.0 = Debug|Any CPU
		{7709A7E0-734E-4C11-80E9-048FD503AA30}.Release|Any CPU.ActiveCfg = Release|Any CPU
		{7709A7E0-734E-4C11-80E9-048FD503AA30}.Release|Any CPU.Build.0 = Release|Any CPU
		{7709A7E0-734E-4C11-80E9-048FD503AA30}.Release|Any CPU.Deploy.0 = Release|Any CPU
		{42B231D9-D989-4733-B6FB-8A7B28BB8F59}.Debug|Any CPU.ActiveCfg = Debug|Any CPU
		{42B231D9-D989-4733-B6FB-8A7B28BB8F59}.Debug|Any CPU.Build.0 = Debug|Any CPU
		{42B231D9-D989-4733-B6FB-8A7B28BB8F59}.Release|Any CPU.ActiveCfg = Release|Any CPU
		{42B231D9-D989-4733-B6FB-8A7B28BB8F59}.Release|Any CPU.Build.0 = Release|Any CPU
		{E7C6A7BE-E88A-4649-B6E3-14AD260EDBA2}.Debug|Any CPU.ActiveCfg = Debug|Any CPU
		{E7C6A7BE-E88A-4649-B6E3-14AD260EDBA2}.Debug|Any CPU.Build.0 = Debug|Any CPU
		{E7C6A7BE-E88A-4649-B6E3-14AD260EDBA2}.Release|Any CPU.ActiveCfg = Release|Any CPU
		{E7C6A7BE-E88A-4649-B6E3-14AD260EDBA2}.Release|Any CPU.Build.0 = Release|Any CPU
		{37024AA4-CD7E-4326-9E9C-DEF75D0573A4}.Debug|Any CPU.ActiveCfg = Debug|Any CPU
		{37024AA4-CD7E-4326-9E9C-DEF75D0573A4}.Debug|Any CPU.Build.0 = Debug|Any CPU
		{37024AA4-CD7E-4326-9E9C-DEF75D0573A4}.Release|Any CPU.ActiveCfg = Release|Any CPU
		{37024AA4-CD7E-4326-9E9C-DEF75D0573A4}.Release|Any CPU.Build.0 = Release|Any CPU
	EndGlobalSection
	GlobalSection(SolutionProperties) = preSolution
		HideSolutionNode = FALSE
	EndGlobalSection
	GlobalSection(ExtensibilityGlobals) = postSolution
		SolutionGuid = {25F66EC3-C5FA-457B-BD3D-479D55DC3CB8}
	EndGlobalSection
EndGlobal
